
Microsoft Visual Studio Solution File, Format Version 12.00
# Visual Studio Version 16
VisualStudioVersion = 16.0.29613.14
MinimumVisualStudioVersion = 10.0.40219.1
Project("{FAE04EC0-301F-11D3-BF4B-00C04F79EFBC}") = "ClassMetotDemo", "ClassMetotDemo\ClassMetotDemo.csproj", "{358492D9-B98F-4D5E-9A02-3968A17F579F}"
EndProject
Global
	GlobalSection(SolutionConfigurationPlatforms) = preSolution
		Debug|Any CPU = Debug|Any CPU
		Release|Any CPU = Release|Any CPU
	EndGlobalSection
	GlobalSection(ProjectConfigurationPlatforms) = postSolution
		{358492D9-B98F-4D5E-9A02-3968A17F579F}.Debug|Any CPU.ActiveCfg = Debug|Any CPU
		{358492D9-B98F-4D5E-9A02-3968A17F579F}.Debug|Any CPU.Build.0 = Debug|Any CPU
		{358492D9-B98F-4D5E-9A02-3968A17F579F}.Release|Any CPU.ActiveCfg = Release|Any CPU
		{358492D9-B98F-4D5E-9A02-3968A17F579F}.Release|Any CPU.Build.0 = Release|Any CPU
	EndGlobalSection
	GlobalSection(SolutionProperties) = preSolution
		HideSolutionNode = FALSE
	EndGlobalSection
	GlobalSection(ExtensibilityGlobals) = postSolution
		SolutionGuid = {26CC9E7A-88EC-4CBF-A088-579872F02F02}
	EndGlobalSection
EndGlobal
